
Microsoft Visual Studio Solution File, Format Version 12.00
# Visual Studio Version 17
VisualStudioVersion = 17.3.32825.248
MinimumVisualStudioVersion = 10.0.40219.1
Project("{FAE04EC0-301F-11D3-BF4B-00C04F79EFBC}") = "wer_wird_millionaer", "wer_wird_millionaer\wer_wird_millionaer.csproj", "{3C543DD9-1F6C-447D-9D8E-68939757582C}"
EndProject
Global
	GlobalSection(SolutionConfigurationPlatforms) = preSolution
		Debug|Any CPU = Debug|Any CPU
		Release|Any CPU = Release|Any CPU
	EndGlobalSection
	GlobalSection(ProjectConfigurationPlatforms) = postSolution
		{3C543DD9-1F6C-447D-9D8E-68939757582C}.Debug|Any CPU.ActiveCfg = Debug|Any CPU
		{3C543DD9-1F6C-447D-9D8E-68939757582C}.Debug|Any CPU.Build.0 = Debug|Any CPU
		{3C543DD9-1F6C-447D-9D8E-68939757582C}.Release|Any CPU.ActiveCfg = Release|Any CPU
		{3C543DD9-1F6C-447D-9D8E-68939757582C}.Release|Any CPU.Build.0 = Release|Any CPU
	EndGlobalSection
	GlobalSection(SolutionProperties) = preSolution
		HideSolutionNode = FALSE
	EndGlobalSection
	GlobalSection(ExtensibilityGlobals) = postSolution
		SolutionGuid = {ECCDE3BA-5477-4925-9B46-2E14D8296CB6}
	EndGlobalSection
EndGlobal
